
Microsoft Visual Studio Solution File, Format Version 12.00
# Visual Studio Version 17
VisualStudioVersion = 17.7.34031.279
MinimumVisualStudioVersion = 10.0.40219.1
Project("{FAE04EC0-301F-11D3-BF4B-00C04F79EFBC}") = "AltaCliente", "AltaCliente.csproj", "{EBCF062A-4163-4AED-8342-29E754D56F16}"
EndProject
Global
	GlobalSection(SolutionConfigurationPlatforms) = preSolution
		Debug|Any CPU = Debug|Any CPU
		Release|Any CPU = Release|Any CPU
	EndGlobalSection
	GlobalSection(ProjectConfigurationPlatforms) = postSolution
		{EBCF062A-4163-4AED-8342-29E754D56F16}.Debug|Any CPU.ActiveCfg = Debug|Any CPU
		{EBCF062A-4163-4AED-8342-29E754D56F16}.Debug|Any CPU.Build.0 = Debug|Any CPU
		{EBCF062A-4163-4AED-8342-29E754D56F16}.Release|Any CPU.ActiveCfg = Release|Any CPU
		{EBCF062A-4163-4AED-8342-29E754D56F16}.Release|Any CPU.Build.0 = Release|Any CPU
	EndGlobalSection
	GlobalSection(SolutionProperties) = preSolution
		HideSolutionNode = FALSE
	EndGlobalSection
	GlobalSection(ExtensibilityGlobals) = postSolution
		SolutionGuid = {DD7F062B-5F77-43F7-B5D0-5DD7084F2C65}
	EndGlobalSection
EndGlobal
